
Microsoft Visual Studio Solution File, Format Version 12.00
Project("{FAE04EC0-301F-11D3-BF4B-00C04F79EFBC}") = "DotrModdingTool2IMGUI", "DotrModdingTool2IMGUI.csproj", "{581B32BA-043F-4FD2-B1EC-D051D2DD159B}"
EndProject
Global
	GlobalSection(SolutionConfigurationPlatforms) = preSolution
		Debug|Any CPU = Debug|Any CPU
		Release|Any CPU = Release|Any CPU
	EndGlobalSection
	GlobalSection(ProjectConfigurationPlatforms) = postSolution
		{581B32BA-043F-4FD2-B1EC-D051D2DD159B}.Debug|Any CPU.ActiveCfg = Debug|Any CPU
		{581B32BA-043F-4FD2-B1EC-D051D2DD159B}.Debug|Any CPU.Build.0 = Debug|Any CPU
		{581B32BA-043F-4FD2-B1EC-D051D2DD159B}.Release|Any CPU.ActiveCfg = Release|Any CPU
		{581B32BA-043F-4FD2-B1EC-D051D2DD159B}.Release|Any CPU.Build.0 = Release|Any CPU
	EndGlobalSection
EndGlobal
